
Microsoft Visual Studio Solution File, Format Version 12.00
# Visual Studio Version 16
VisualStudioVersion = 16.0.29709.97
MinimumVisualStudioVersion = 10.0.40219.1
Project("{FAE04EC0-301F-11D3-BF4B-00C04F79EFBC}") = "WebAPI", "WebAPI\WebAPI.csproj", "{43F8CFC4-5760-413C-843A-87D5301CBF1D}"
EndProject
Global
	GlobalSection(SolutionConfigurationPlatforms) = preSolution
		Debug|Any CPU = Debug|Any CPU
		Release|Any CPU = Release|Any CPU
	EndGlobalSection
	GlobalSection(ProjectConfigurationPlatforms) = postSolution
		{43F8CFC4-5760-413C-843A-87D5301CBF1D}.Debug|Any CPU.ActiveCfg = Debug|Any CPU
		{43F8CFC4-5760-413C-843A-87D5301CBF1D}.Debug|Any CPU.Build.0 = Debug|Any CPU
		{43F8CFC4-5760-413C-843A-87D5301CBF1D}.Release|Any CPU.ActiveCfg = Release|Any CPU
		{43F8CFC4-5760-413C-843A-87D5301CBF1D}.Release|Any CPU.Build.0 = Release|Any CPU
	EndGlobalSection
	GlobalSection(SolutionProperties) = preSolution
		HideSolutionNode = FALSE
	EndGlobalSection
	GlobalSection(ExtensibilityGlobals) = postSolution
		SolutionGuid = {3F4F2B4E-BEE5-4A45-8239-860C382A2132}
	EndGlobalSection
EndGlobal
